
Microsoft Visual Studio Solution File, Format Version 12.00
# Visual Studio 15
VisualStudioVersion = 15.0.27703.2000
MinimumVisualStudioVersion = 10.0.40219.1
Project("{FAE04EC0-301F-11D3-BF4B-00C04F79EFBC}") = "GameRank", "GameRank\GameRank.csproj", "{26CD048D-B3FA-4614-AF01-E58019BB418A}"
EndProject
Global
	GlobalSection(SolutionConfigurationPlatforms) = preSolution
		Debug|Any CPU = Debug|Any CPU
		Release|Any CPU = Release|Any CPU
	EndGlobalSection
	GlobalSection(ProjectConfigurationPlatforms) = postSolution
		{26CD048D-B3FA-4614-AF01-E58019BB418A}.Debug|Any CPU.ActiveCfg = Debug|Any CPU
		{26CD048D-B3FA-4614-AF01-E58019BB418A}.Debug|Any CPU.Build.0 = Debug|Any CPU
		{26CD048D-B3FA-4614-AF01-E58019BB418A}.Release|Any CPU.ActiveCfg = Release|Any CPU
		{26CD048D-B3FA-4614-AF01-E58019BB418A}.Release|Any CPU.Build.0 = Release|Any CPU
	EndGlobalSection
	GlobalSection(SolutionProperties) = preSolution
		HideSolutionNode = FALSE
	EndGlobalSection
	GlobalSection(ExtensibilityGlobals) = postSolution
		SolutionGuid = {63E2A761-6689-4F01-BE7E-F737FF698ED3}
	EndGlobalSection
EndGlobal
